// !$*UTF8*$!
{
	archiveVersion = 1;
	classes = {
	};
	objectVersion = 56;
	objects = {

/* Begin PBXBuildFile section */
		14C19B142C55B13000BD155B /* NameAndFaceRemembranceApp.swift in Sources */ = {isa = PBXBuildFile; fileRef = 14C19B132C55B13000BD155B /* NameAndFaceRemembranceApp.swift */; };
		14C19B162C55B13000BD155B /* ContentView.swift in Sources */ = {isa = PBXBuildFile; fileRef = 14C19B152C55B13000BD155B /* ContentView.swift */; };
		14C19B182C55B13300BD155B /* Assets.xcassets in Resources */ = {isa = PBXBuildFile; fileRef = 14C19B172C55B13300BD155B /* Assets.xcassets */; };
		14C19B1B2C55B13300BD155B /* Preview Assets.xcassets in Resources */ = {isa = PBXBuildFile; fileRef = 14C19B1A2C55B13300BD155B /* Preview Assets.xcassets */; };
		14C19B262C55B1C800BD155B /* Person.swift in Sources */ = {isa = PBXBuildFile; fileRef = 14C19B252C55B1C800BD155B /* Person.swift */; };
		14C19B2A2C55B22200BD155B /* PersonEditView.swift in Sources */ = {isa = PBXBuildFile; fileRef = 14C19B292C55B22200BD155B /* PersonEditView.swift */; };
		14C19B2C2C569FD400BD155B /* test.swift in Sources */ = {isa = PBXBuildFile; fileRef = 14C19B2B2C569FD400BD155B /* test.swift */; };
		14C19B2E2C57D45100BD155B /* Data-Extension.swift in Sources */ = {isa = PBXBuildFile; fileRef = 14C19B2D2C57D45100BD155B /* Data-Extension.swift */; };
		14C19B322C580DEA00BD155B /* Previewer.swift in Sources */ = {isa = PBXBuildFile; fileRef = 14C19B312C580DEA00BD155B /* Previewer.swift */; };
		14C19B382C590BB000BD155B /* PersonAddView.swift in Sources */ = {isa = PBXBuildFile; fileRef = 14C19B372C590BB000BD155B /* PersonAddView.swift */; };
		14C19B3A2C5917DF00BD155B /* PeopleView.swift in Sources */ = {isa = PBXBuildFile; fileRef = 14C19B392C5917DF00BD155B /* PeopleView.swift */; };
		14C19B3C2C59362B00BD155B /* LocationFetcher.swift in Sources */ = {isa = PBXBuildFile; fileRef = 14C19B3B2C59362B00BD155B /* LocationFetcher.swift */; };
		14C19B3E2C59502B00BD155B /* CLLocationCoordinate2D-Extension.swift in Sources */ = {isa = PBXBuildFile; fileRef = 14C19B3D2C59502B00BD155B /* CLLocationCoordinate2D-Extension.swift */; };
/* End PBXBuildFile section */

/* Begin PBXFileReference section */
		14C19B102C55B13000BD155B /* NameAndFaceRemembrance.app */ = {isa = PBXFileReference; explicitFileType = wrapper.application; includeInIndex = 0; path = NameAndFaceRemembrance.app; sourceTree = BUILT_PRODUCTS_DIR; };
		14C19B132C55B13000BD155B /* NameAndFaceRemembranceApp.swift */ = {isa = PBXFileReference; lastKnownFileType = sourcecode.swift; path = NameAndFaceRemembranceApp.swift; sourceTree = "<group>"; };
		14C19B152C55B13000BD155B /* ContentView.swift */ = {isa = PBXFileReference; lastKnownFileType = sourcecode.swift; path = ContentView.swift; sourceTree = "<group>"; };
		14C19B172C55B13300BD155B /* Assets.xcassets */ = {isa = PBXFileReference; lastKnownFileType = folder.assetcatalog; path = Assets.xcassets; sourceTree = "<group>"; };
		14C19B1A2C55B13300BD155B /* Preview Assets.xcassets */ = {isa = PBXFileReference; lastKnownFileType = folder.assetcatalog; path = "Preview Assets.xcassets"; sourceTree = "<group>"; };
		14C19B252C55B1C800BD155B /* Person.swift */ = {isa = PBXFileReference; lastKnownFileType = sourcecode.swift; path = Person.swift; sourceTree = "<group>"; };
		14C19B292C55B22200BD155B /* PersonEditView.swift */ = {isa = PBXFileReference; lastKnownFileType = sourcecode.swift; path = PersonEditView.swift; sourceTree = "<group>"; };
		14C19B2B2C569FD400BD155B /* test.swift */ = {isa = PBXFileReference; lastKnownFileType = sourcecode.swift; path = test.swift; sourceTree = "<group>"; };
		14C19B2D2C57D45100BD155B /* Data-Extension.swift */ = {isa = PBXFileReference; lastKnownFileType = sourcecode.swift; path = "Data-Extension.swift"; sourceTree = "<group>"; };
		14C19B312C580DEA00BD155B /* Previewer.swift */ = {isa = PBXFileReference; lastKnownFileType = sourcecode.swift; path = Previewer.swift; sourceTree = "<group>"; };
		14C19B372C590BB000BD155B /* PersonAddView.swift */ = {isa = PBXFileReference; lastKnownFileType = sourcecode.swift; path = PersonAddView.swift; sourceTree = "<group>"; };
		14C19B392C5917DF00BD155B /* PeopleView.swift */ = {isa = PBXFileReference; lastKnownFileType = sourcecode.swift; path = PeopleView.swift; sourceTree = "<group>"; };
		14C19B3B2C59362B00BD155B /* LocationFetcher.swift */ = {isa = PBXFileReference; lastKnownFileType = sourcecode.swift; path = LocationFetcher.swift; sourceTree = "<group>"; };
		14C19B3D2C59502B00BD155B /* CLLocationCoordinate2D-Extension.swift */ = {isa = PBXFileReference; lastKnownFileType = sourcecode.swift; path = "CLLocationCoordinate2D-Extension.swift"; sourceTree = "<group>"; };
/* End PBXFileReference section */

/* Begin PBXFrameworksBuildPhase section */
		14C19B0D2C55B13000BD155B /* Frameworks */ = {
			isa = PBXFrameworksBuildPhase;
			buildActionMask = 2147483647;
			files = (
			);
			runOnlyForDeploymentPostprocessing = 0;
		};
/* End PBXFrameworksBuildPhase section */

/* Begin PBXGroup section */
		14C19B072C55B13000BD155B = {
			isa = PBXGroup;
			children = (
				14C19B122C55B13000BD155B /* NameAndFaceRemembrance */,
				14C19B112C55B13000BD155B /* Products */,
			);
			sourceTree = "<group>";
		};
		14C19B112C55B13000BD155B /* Products */ = {
			isa = PBXGroup;
			children = (
				14C19B102C55B13000BD155B /* NameAndFaceRemembrance.app */,
			);
			name = Products;
			sourceTree = "<group>";
		};
		14C19B122C55B13000BD155B /* NameAndFaceRemembrance */ = {
			isa = PBXGroup;
			children = (
				14C19B132C55B13000BD155B /* NameAndFaceRemembranceApp.swift */,
				14C19B152C55B13000BD155B /* ContentView.swift */,
				14C19B392C5917DF00BD155B /* PeopleView.swift */,
				14C19B292C55B22200BD155B /* PersonEditView.swift */,
				14C19B372C590BB000BD155B /* PersonAddView.swift */,
				14C19B3B2C59362B00BD155B /* LocationFetcher.swift */,
				14C19B3D2C59502B00BD155B /* CLLocationCoordinate2D-Extension.swift */,
				14C19B2D2C57D45100BD155B /* Data-Extension.swift */,
				14C19B252C55B1C800BD155B /* Person.swift */,
				14C19B312C580DEA00BD155B /* Previewer.swift */,
				14C19B2B2C569FD400BD155B /* test.swift */,
				14C19B172C55B13300BD155B /* Assets.xcassets */,
				14C19B192C55B13300BD155B /* Preview Content */,
			);
			path = NameAndFaceRemembrance;
			sourceTree = "<group>";
		};
		14C19B192C55B13300BD155B /* Preview Content */ = {
			isa = PBXGroup;
			children = (
				14C19B1A2C55B13300BD155B /* Preview Assets.xcassets */,
			);
			path = "Preview Content";
			sourceTree = "<group>";
		};
/* End PBXGroup section */

/* Begin PBXNativeTarget section */
		14C19B0F2C55B13000BD155B /* NameAndFaceRemembrance */ = {
			isa = PBXNativeTarget;
			buildConfigurationList = 14C19B1E2C55B13300BD155B /* Build configuration list for PBXNativeTarget "NameAndFaceRemembrance" */;
			buildPhases = (
				14C19B0C2C55B13000BD155B /* Sources */,
				14C19B0D2C55B13000BD155B /* Frameworks */,
				14C19B0E2C55B13000BD155B /* Resources */,
			);
			buildRules = (
			);
			dependencies = (
			);
			name = NameAndFaceRemembrance;
			productName = NameAndFaceRemembrance;
			productReference = 14C19B102C55B13000BD155B /* NameAndFaceRemembrance.app */;
			productType = "com.apple.product-type.application";
		};
/* End PBXNativeTarget section */

/* Begin PBXProject section */
		14C19B082C55B13000BD155B /* Project object */ = {
			isa = PBXProject;
			attributes = {
				BuildIndependentTargetsInParallel = 1;
				LastSwiftUpdateCheck = 1540;
				LastUpgradeCheck = 1540;
				TargetAttributes = {
					14C19B0F2C55B13000BD155B = {
						CreatedOnToolsVersion = 15.4;
					};
				};
			};
			buildConfigurationList = 14C19B0B2C55B13000BD155B /* Build configuration list for PBXProject "NameAndFaceRemembrance" */;
			compatibilityVersion = "Xcode 14.0";
			developmentRegion = en;
			hasScannedForEncodings = 0;
			knownRegions = (
				en,
				Base,
			);
			mainGroup = 14C19B072C55B13000BD155B;
			productRefGroup = 14C19B112C55B13000BD155B /* Products */;
			projectDirPath = "";
			projectRoot = "";
			targets = (
				14C19B0F2C55B13000BD155B /* NameAndFaceRemembrance */,
			);
		};
/* End PBXProject section */

/* Begin PBXResourcesBuildPhase section */
		14C19B0E2C55B13000BD155B /* Resources */ = {
			isa = PBXResourcesBuildPhase;
			buildActionMask = 2147483647;
			files = (
				14C19B1B2C55B13300BD155B /* Preview Assets.xcassets in Resources */,
				14C19B182C55B13300BD155B /* Assets.xcassets in Resources */,
			);
			runOnlyForDeploymentPostprocessing = 0;
		};
/* End PBXResourcesBuildPhase section */

/* Begin PBXSourcesBuildPhase section */
		14C19B0C2C55B13000BD155B /* Sources */ = {
			isa = PBXSourcesBuildPhase;
			buildActionMask = 2147483647;
			files = (
				14C19B162C55B13000BD155B /* ContentView.swift in Sources */,
				14C19B382C590BB000BD155B /* PersonAddView.swift in Sources */,
				14C19B3E2C59502B00BD155B /* CLLocationCoordinate2D-Extension.swift in Sources */,
				14C19B3C2C59362B00BD155B /* LocationFetcher.swift in Sources */,
				14C19B3A2C5917DF00BD155B /* PeopleView.swift in Sources */,
				14C19B2A2C55B22200BD155B /* PersonEditView.swift in Sources */,
				14C19B322C580DEA00BD155B /* Previewer.swift in Sources */,
				14C19B2E2C57D45100BD155B /* Data-Extension.swift in Sources */,
				14C19B142C55B13000BD155B /* NameAndFaceRemembranceApp.swift in Sources */,
				14C19B2C2C569FD400BD155B /* test.swift in Sources */,
				14C19B262C55B1C800BD155B /* Person.swift in Sources */,
			);
			runOnlyForDeploymentPostprocessing = 0;
		};
/* End PBXSourcesBuildPhase section */

/* Begin XCBuildConfiguration section */
		14C19B1C2C55B13300BD155B /* Debug */ = {
			isa = XCBuildConfiguration;
			buildSettings = {
				ALWAYS_SEARCH_USER_PATHS = NO;
				ASSETCATALOG_COMPILER_GENERATE_SWIFT_ASSET_SYMBOL_EXTENSIONS = YES;
				CLANG_ANALYZER_NONNULL = YES;
				CLANG_ANALYZER_NUMBER_OBJECT_CONVERSION = YES_AGGRESSIVE;
				CLANG_CXX_LANGUAGE_STANDARD = "gnu++20";
				CLANG_ENABLE_MODULES = YES;
				CLANG_ENABLE_OBJC_ARC = YES;
				CLANG_ENABLE_OBJC_WEAK = YES;
				CLANG_WARN_BLOCK_CAPTURE_AUTORELEASING = YES;
				CLANG_WARN_BOOL_CONVERSION = YES;
				CLANG_WARN_COMMA = YES;
				CLANG_WARN_CONSTANT_CONVERSION = YES;
				CLANG_WARN_DEPRECATED_OBJC_IMPLEMENTATIONS = YES;
				CLANG_WARN_DIRECT_OBJC_ISA_USAGE = YES_ERROR;
				CLANG_WARN_DOCUMENTATION_COMMENTS = YES;
				CLANG_WARN_EMPTY_BODY = YES;
				CLANG_WARN_ENUM_CONVERSION = YES;
				CLANG_WARN_INFINITE_RECURSION = YES;
				CLANG_WARN_INT_CONVERSION = YES;
				CLANG_WARN_NON_LITERAL_NULL_CONVERSION = YES;
				CLANG_WARN_OBJC_IMPLICIT_RETAIN_SELF = YES;
				CLANG_WARN_OBJC_LITERAL_CONVERSION = YES;
				CLANG_WARN_OBJC_ROOT_CLASS = YES_ERROR;
				CLANG_WARN_QUOTED_INCLUDE_IN_FRAMEWORK_HEADER = YES;
				CLANG_WARN_RANGE_LOOP_ANALYSIS = YES;
				CLANG_WARN_STRICT_PROTOTYPES = YES;
				CLANG_WARN_SUSPICIOUS_MOVE = YES;
				CLANG_WARN_UNGUARDED_AVAILABILITY = YES_AGGRESSIVE;
				CLANG_WARN_UNREACHABLE_CODE = YES;
				CLANG_WARN__DUPLICATE_METHOD_MATCH = YES;
				COPY_PHASE_STRIP = NO;
				DEBUG_INFORMATION_FORMAT = dwarf;
				ENABLE_STRICT_OBJC_MSGSEND = YES;
				ENABLE_TESTABILITY = YES;
				ENABLE_USER_SCRIPT_SANDBOXING = YES;
				GCC_C_LANGUAGE_STANDARD = gnu17;
				GCC_DYNAMIC_NO_PIC = NO;
				GCC_NO_COMMON_BLOCKS = YES;
				GCC_OPTIMIZATION_LEVEL = 0;
				GCC_PREPROCESSOR_DEFINITIONS = (
					"DEBUG=1",
					"$(inherited)",
				);
				GCC_WARN_64_TO_32_BIT_CONVERSION = YES;
				GCC_WARN_ABOUT_RETURN_TYPE = YES_ERROR;
				GCC_WARN_UNDECLARED_SELECTOR = YES;
				GCC_WARN_UNINITIALIZED_AUTOS = YES_AGGRESSIVE;
				GCC_WARN_UNUSED_FUNCTION = YES;
				GCC_WARN_UNUSED_VARIABLE = YES;
				IPHONEOS_DEPLOYMENT_TARGET = 17.5;
				LOCALIZATION_PREFERS_STRING_CATALOGS = YES;
				MTL_ENABLE_DEBUG_INFO = INCLUDE_SOURCE;
				MTL_FAST_MATH = YES;
				ONLY_ACTIVE_ARCH = YES;
				SDKROOT = iphoneos;
				SWIFT_ACTIVE_COMPILATION_CONDITIONS = "DEBUG $(inherited)";
				SWIFT_OPTIMIZATION_LEVEL = "-Onone";
			};
			name = Debug;
		};
		14C19B1D2C55B13300BD155B /* Release */ = {
			isa = XCBuildConfiguration;
			buildSettings = {
				ALWAYS_SEARCH_USER_PATHS = NO;
				ASSETCATALOG_COMPILER_GENERATE_SWIFT_ASSET_SYMBOL_EXTENSIONS = YES;
				CLANG_ANALYZER_NONNULL = YES;
				CLANG_ANALYZER_NUMBER_OBJECT_CONVERSION = YES_AGGRESSIVE;
				CLANG_CXX_LANGUAGE_STANDARD = "gnu++20";
				CLANG_ENABLE_MODULES = YES;
				CLANG_ENABLE_OBJC_ARC = YES;
				CLANG_ENABLE_OBJC_WEAK = YES;
				CLANG_WARN_BLOCK_CAPTURE_AUTORELEASING = YES;
				CLANG_WARN_BOOL_CONVERSION = YES;
				CLANG_WARN_COMMA = YES;
				CLANG_WARN_CONSTANT_CONVERSION = YES;
				CLANG_WARN_DEPRECATED_OBJC_IMPLEMENTATIONS = YES;
				CLANG_WARN_DIRECT_OBJC_ISA_USAGE = YES_ERROR;
				CLANG_WARN_DOCUMENTATION_COMMENTS = YES;
				CLANG_WARN_EMPTY_BODY = YES;
				CLANG_WARN_ENUM_CONVERSION = YES;
				CLANG_WARN_INFINITE_RECURSION = YES;
				CLANG_WARN_INT_CONVERSION = YES;
				CLANG_WARN_NON_LITERAL_NULL_CONVERSION = YES;
				CLANG_WARN_OBJC_IMPLICIT_RETAIN_SELF = YES;
				CLANG_WARN_OBJC_LITERAL_CONVERSION = YES;
				CLANG_WARN_OBJC_ROOT_CLASS = YES_ERROR;
				CLANG_WARN_QUOTED_INCLUDE_IN_FRAMEWORK_HEADER = YES;
				CLANG_WARN_RANGE_LOOP_ANALYSIS = YES;
				CLANG_WARN_STRICT_PROTOTYPES = YES;
				CLANG_WARN_SUSPICIOUS_MOVE = YES;
				CLANG_WARN_UNGUARDED_AVAILABILITY = YES_AGGRESSIVE;
				CLANG_WARN_UNREACHABLE_CODE = YES;
				CLANG_WARN__DUPLICATE_METHOD_MATCH = YES;
				COPY_PHASE_STRIP = NO;
				DEBUG_INFORMATION_FORMAT = "dwarf-with-dsym";
				ENABLE_NS_ASSERTIONS = NO;
				ENABLE_STRICT_OBJC_MSGSEND = YES;
				ENABLE_USER_SCRIPT_SANDBOXING = YES;
				GCC_C_LANGUAGE_STANDARD = gnu17;
				GCC_NO_COMMON_BLOCKS = YES;
				GCC_WARN_64_TO_32_BIT_CONVERSION = YES;
				GCC_WARN_ABOUT_RETURN_TYPE = YES_ERROR;
				GCC_WARN_UNDECLARED_SELECTOR = YES;
				GCC_WARN_UNINITIALIZED_AUTOS = YES_AGGRESSIVE;
				GCC_WARN_UNUSED_FUNCTION = YES;
				GCC_WARN_UNUSED_VARIABLE = YES;
				IPHONEOS_DEPLOYMENT_TARGET = 17.5;
				LOCALIZATION_PREFERS_STRING_CATALOGS = YES;
				MTL_ENABLE_DEBUG_INFO = NO;
				MTL_FAST_MATH = YES;
				SDKROOT = iphoneos;
				SWIFT_COMPILATION_MODE = wholemodule;
				VALIDATE_PRODUCT = YES;
			};
			name = Release;
		};
		14C19B1F2C55B13300BD155B /* Debug */ = {
			isa = XCBuildConfiguration;
			buildSettings = {
				ASSETCATALOG_COMPILER_APPICON_NAME = AppIcon;
				ASSETCATALOG_COMPILER_GLOBAL_ACCENT_COLOR_NAME = AccentColor;
				CODE_SIGN_STYLE = Automatic;
				CURRENT_PROJECT_VERSION = 1;
				DEVELOPMENT_ASSET_PATHS = "\"NameAndFaceRemembrance/Preview Content\"";
				DEVELOPMENT_TEAM = 9NN82TY5ZM;
				ENABLE_PREVIEWS = YES;
				GENERATE_INFOPLIST_FILE = YES;
				INFOPLIST_KEY_NSLocationWhenInUseUsageDescription = "Share your location to identify the person location";
				INFOPLIST_KEY_UIApplicationSceneManifest_Generation = YES;
				INFOPLIST_KEY_UIApplicationSupportsIndirectInputEvents = YES;
				INFOPLIST_KEY_UILaunchScreen_Generation = YES;
				INFOPLIST_KEY_UISupportedInterfaceOrientations_iPad = "UIInterfaceOrientationPortrait UIInterfaceOrientationPortraitUpsideDown UIInterfaceOrientationLandscapeLeft UIInterfaceOrientationLandscapeRight";
				INFOPLIST_KEY_UISupportedInterfaceOrientations_iPhone = "UIInterfaceOrientationPortrait UIInterfaceOrientationLandscapeLeft UIInterfaceOrientationLandscapeRight";
				LD_RUNPATH_SEARCH_PATHS = (
					"$(inherited)",
					"@executable_path/Frameworks",
				);
				MARKETING_VERSION = 1.0;
				PRODUCT_BUNDLE_IDENTIFIER = me.florentino.igor.NameAndFaceRemembrance;
				PRODUCT_NAME = "$(TARGET_NAME)";
				SWIFT_EMIT_LOC_STRINGS = YES;
				SWIFT_VERSION = 5.0;
				TARGETED_DEVICE_FAMILY = "1,2";
			};
			name = Debug;
		};
		14C19B202C55B13300BD155B /* Release */ = {
			isa = XCBuildConfiguration;
			buildSettings = {
				ASSETCATALOG_COMPILER_APPICON_NAME = AppIcon;
				ASSETCATALOG_COMPILER_GLOBAL_ACCENT_COLOR_NAME = AccentColor;
				CODE_SIGN_STYLE = Automatic;
				CURRENT_PROJECT_VERSION = 1;
				DEVELOPMENT_ASSET_PATHS = "\"NameAndFaceRemembrance/Preview Content\"";
				DEVELOPMENT_TEAM = 9NN82TY5ZM;
				ENABLE_PREVIEWS = YES;
				GENERATE_INFOPLIST_FILE = YES;
				INFOPLIST_KEY_NSLocationWhenInUseUsageDescription = "Share your location to identify the person location";
				INFOPLIST_KEY_UIApplicationSceneManifest_Generation = YES;
				INFOPLIST_KEY_UIApplicationSupportsIndirectInputEvents = YES;
				INFOPLIST_KEY_UILaunchScreen_Generation = YES;
				INFOPLIST_KEY_UISupportedInterfaceOrientations_iPad = "UIInterfaceOrientationPortrait UIInterfaceOrientationPortraitUpsideDown UIInterfaceOrientationLandscapeLeft UIInterfaceOrientationLandscapeRight";
				INFOPLIST_KEY_UISupportedInterfaceOrientations_iPhone = "UIInterfaceOrientationPortrait UIInterfaceOrientationLandscapeLeft UIInterfaceOrientationLandscapeRight";
				LD_RUNPATH_SEARCH_PATHS = (
					"$(inherited)",
					"@executable_path/Frameworks",
				);
				MARKETING_VERSION = 1.0;
				PRODUCT_BUNDLE_IDENTIFIER = me.florentino.igor.NameAndFaceRemembrance;
				PRODUCT_NAME = "$(TARGET_NAME)";
				SWIFT_EMIT_LOC_STRINGS = YES;
				SWIFT_VERSION = 5.0;
				TARGETED_DEVICE_FAMILY = "1,2";
			};
			name = Release;
		};
/* End XCBuildConfiguration section */

/* Begin XCConfigurationList section */
		14C19B0B2C55B13000BD155B /* Build configuration list for PBXProject "NameAndFaceRemembrance" */ = {
			isa = XCConfigurationList;
			buildConfigurations = (
				14C19B1C2C55B13300BD155B /* Debug */,
				14C19B1D2C55B13300BD155B /* Release */,
			);
			defaultConfigurationIsVisible = 0;
			defaultConfigurationName = Release;
		};
		14C19B1E2C55B13300BD155B /* Build configuration list for PBXNativeTarget "NameAndFaceRemembrance" */ = {
			isa = XCConfigurationList;
			buildConfigurations = (
				14C19B1F2C55B13300BD155B /* Debug */,
				14C19B202C55B13300BD155B /* Release */,
			);
			defaultConfigurationIsVisible = 0;
			defaultConfigurationName = Release;
		};
/* End XCConfigurationList section */
	};
	rootObject = 14C19B082C55B13000BD155B /* Project object */;
}
